// !$*UTF8*$!
{
	archiveVersion = 1;
	classes = {
	};
	objectVersion = 46;
	objects = {

/* Begin PBXBuildFile section */
		C93C7CB515A57F1300CEF176 /* AddViewController.m in Sources */ = {isa = PBXBuildFile; fileRef = C93C7CB415A57F1300CEF176 /* AddViewController.m */; };
		C99E5EB015A451980099509A /* UIKit.framework in Frameworks */ = {isa = PBXBuildFile; fileRef = C99E5EAF15A451980099509A /* UIKit.framework */; };
		C99E5EB215A451980099509A /* Foundation.framework in Frameworks */ = {isa = PBXBuildFile; fileRef = C99E5EB115A451980099509A /* Foundation.framework */; };
		C99E5EB415A451980099509A /* CoreGraphics.framework in Frameworks */ = {isa = PBXBuildFile; fileRef = C99E5EB315A451980099509A /* CoreGraphics.framework */; };
		C99E5EBA15A451980099509A /* InfoPlist.strings in Resources */ = {isa = PBXBuildFile; fileRef = C99E5EB815A451980099509A /* InfoPlist.strings */; };
		C99E5EBC15A451980099509A /* main.m in Sources */ = {isa = PBXBuildFile; fileRef = C99E5EBB15A451980099509A /* main.m */; };
		C99E5EC015A451980099509A /* AppDelegate.m in Sources */ = {isa = PBXBuildFile; fileRef = C99E5EBF15A451980099509A /* AppDelegate.m */; };
		C99E5ECE15A453330099509A /* RootViewController.m in Sources */ = {isa = PBXBuildFile; fileRef = C99E5ECC15A453330099509A /* RootViewController.m */; };
		C99E5ECF15A453330099509A /* RootViewController.xib in Resources */ = {isa = PBXBuildFile; fileRef = C99E5ECD15A453330099509A /* RootViewController.xib */; };
		C99E5ED115A45CA90099509A /* DrinkList.plist in Resources */ = {isa = PBXBuildFile; fileRef = C99E5ED015A45CA90099509A /* DrinkList.plist */; };
		C99E5ED515A45F750099509A /* DetailViewController.m in Sources */ = {isa = PBXBuildFile; fileRef = C99E5ED315A45F740099509A /* DetailViewController.m */; };
		C99E5ED615A45F750099509A /* DetailViewController.xib in Resources */ = {isa = PBXBuildFile; fileRef = C99E5ED415A45F750099509A /* DetailViewController.xib */; };
/* End PBXBuildFile section */

/* Begin PBXFileReference section */
		C93C7CB315A57F1300CEF176 /* AddViewController.h */ = {isa = PBXFileReference; fileEncoding = 4; lastKnownFileType = sourcecode.c.h; path = AddViewController.h; sourceTree = "<group>"; };
		C93C7CB415A57F1300CEF176 /* AddViewController.m */ = {isa = PBXFileReference; fileEncoding = 4; lastKnownFileType = sourcecode.c.objc; path = AddViewController.m; sourceTree = "<group>"; };
		C99E5EAB15A451980099509A /* DrinkMixer.app */ = {isa = PBXFileReference; explicitFileType = wrapper.application; includeInIndex = 0; path = DrinkMixer.app; sourceTree = BUILT_PRODUCTS_DIR; };
		C99E5EAF15A451980099509A /* UIKit.framework */ = {isa = PBXFileReference; lastKnownFileType = wrapper.framework; name = UIKit.framework; path = System/Library/Frameworks/UIKit.framework; sourceTree = SDKROOT; };
		C99E5EB115A451980099509A /* Foundation.framework */ = {isa = PBXFileReference; lastKnownFileType = wrapper.framework; name = Foundation.framework; path = System/Library/Frameworks/Foundation.framework; sourceTree = SDKROOT; };
		C99E5EB315A451980099509A /* CoreGraphics.framework */ = {isa = PBXFileReference; lastKnownFileType = wrapper.framework; name = CoreGraphics.framework; path = System/Library/Frameworks/CoreGraphics.framework; sourceTree = SDKROOT; };
		C99E5EB715A451980099509A /* DrinkMixer-Info.plist */ = {isa = PBXFileReference; lastKnownFileType = text.plist.xml; path = "DrinkMixer-Info.plist"; sourceTree = "<group>"; };
		C99E5EB915A451980099509A /* en */ = {isa = PBXFileReference; lastKnownFileType = text.plist.strings; name = en; path = en.lproj/InfoPlist.strings; sourceTree = "<group>"; };
		C99E5EBB15A451980099509A /* main.m */ = {isa = PBXFileReference; lastKnownFileType = sourcecode.c.objc; path = main.m; sourceTree = "<group>"; };
		C99E5EBD15A451980099509A /* DrinkMixer-Prefix.pch */ = {isa = PBXFileReference; lastKnownFileType = sourcecode.c.h; path = "DrinkMixer-Prefix.pch"; sourceTree = "<group>"; };
		C99E5EBE15A451980099509A /* AppDelegate.h */ = {isa = PBXFileReference; lastKnownFileType = sourcecode.c.h; path = AppDelegate.h; sourceTree = "<group>"; };
		C99E5EBF15A451980099509A /* AppDelegate.m */ = {isa = PBXFileReference; lastKnownFileType = sourcecode.c.objc; path = AppDelegate.m; sourceTree = "<group>"; };
		C99E5ECB15A453330099509A /* RootViewController.h */ = {isa = PBXFileReference; fileEncoding = 4; lastKnownFileType = sourcecode.c.h; path = RootViewController.h; sourceTree = "<group>"; };
		C99E5ECC15A453330099509A /* RootViewController.m */ = {isa = PBXFileReference; fileEncoding = 4; lastKnownFileType = sourcecode.c.objc; path = RootViewController.m; sourceTree = "<group>"; };
		C99E5ECD15A453330099509A /* RootViewController.xib */ = {isa = PBXFileReference; fileEncoding = 4; lastKnownFileType = file.xib; path = RootViewController.xib; sourceTree = "<group>"; };
		C99E5ED015A45CA90099509A /* DrinkList.plist */ = {isa = PBXFileReference; fileEncoding = 4; lastKnownFileType = text.plist.xml; path = DrinkList.plist; sourceTree = "<group>"; };
		C99E5ED215A45F740099509A /* DetailViewController.h */ = {isa = PBXFileReference; fileEncoding = 4; lastKnownFileType = sourcecode.c.h; path = DetailViewController.h; sourceTree = "<group>"; };
		C99E5ED315A45F740099509A /* DetailViewController.m */ = {isa = PBXFileReference; fileEncoding = 4; lastKnownFileType = sourcecode.c.objc; path = DetailViewController.m; sourceTree = "<group>"; };
		C99E5ED415A45F750099509A /* DetailViewController.xib */ = {isa = PBXFileReference; fileEncoding = 4; lastKnownFileType = file.xib; path = DetailViewController.xib; sourceTree = "<group>"; };
		C99E5ED715A469AF0099509A /* DrinkConstants.h */ = {isa = PBXFileReference; fileEncoding = 4; lastKnownFileType = sourcecode.c.h; path = DrinkConstants.h; sourceTree = "<group>"; };
/* End PBXFileReference section */

/* Begin PBXFrameworksBuildPhase section */
		C99E5EA815A451980099509A /* Frameworks */ = {
			isa = PBXFrameworksBuildPhase;
			buildActionMask = 2147483647;
			files = (
				C99E5EB015A451980099509A /* UIKit.framework in Frameworks */,
				C99E5EB215A451980099509A /* Foundation.framework in Frameworks */,
				C99E5EB415A451980099509A /* CoreGraphics.framework in Frameworks */,
			);
			runOnlyForDeploymentPostprocessing = 0;
		};
/* End PBXFrameworksBuildPhase section */

/* Begin PBXGroup section */
		C99E5EA015A451980099509A = {
			isa = PBXGroup;
			children = (
				C99E5EB515A451980099509A /* DrinkMixer */,
				C99E5EAE15A451980099509A /* Frameworks */,
				C99E5EAC15A451980099509A /* Products */,
			);
			sourceTree = "<group>";
		};
		C99E5EAC15A451980099509A /* Products */ = {
			isa = PBXGroup;
			children = (
				C99E5EAB15A451980099509A /* DrinkMixer.app */,
			);
			name = Products;
			sourceTree = "<group>";
		};
		C99E5EAE15A451980099509A /* Frameworks */ = {
			isa = PBXGroup;
			children = (
				C99E5EAF15A451980099509A /* UIKit.framework */,
				C99E5EB115A451980099509A /* Foundation.framework */,
				C99E5EB315A451980099509A /* CoreGraphics.framework */,
			);
			name = Frameworks;
			sourceTree = "<group>";
		};
		C99E5EB515A451980099509A /* DrinkMixer */ = {
			isa = PBXGroup;
			children = (
				C99E5ED715A469AF0099509A /* DrinkConstants.h */,
				C99E5EBE15A451980099509A /* AppDelegate.h */,
				C99E5EBF15A451980099509A /* AppDelegate.m */,
				C99E5ED215A45F740099509A /* DetailViewController.h */,
				C99E5ED315A45F740099509A /* DetailViewController.m */,
				C93C7CB315A57F1300CEF176 /* AddViewController.h */,
				C93C7CB415A57F1300CEF176 /* AddViewController.m */,
				C99E5ECB15A453330099509A /* RootViewController.h */,
				C99E5ECC15A453330099509A /* RootViewController.m */,
				C99E5ED415A45F750099509A /* DetailViewController.xib */,
				C99E5ECD15A453330099509A /* RootViewController.xib */,
				C99E5EB615A451980099509A /* Supporting Files */,
			);
			path = DrinkMixer;
			sourceTree = "<group>";
		};
		C99E5EB615A451980099509A /* Supporting Files */ = {
			isa = PBXGroup;
			children = (
				C99E5EB715A451980099509A /* DrinkMixer-Info.plist */,
				C99E5EB815A451980099509A /* InfoPlist.strings */,
				C99E5EBB15A451980099509A /* main.m */,
				C99E5EBD15A451980099509A /* DrinkMixer-Prefix.pch */,
				C99E5ED015A45CA90099509A /* DrinkList.plist */,
			);
			name = "Supporting Files";
			sourceTree = "<group>";
		};
/* End PBXGroup section */

/* Begin PBXNativeTarget section */
		C99E5EAA15A451980099509A /* DrinkMixer */ = {
			isa = PBXNativeTarget;
			buildConfigurationList = C99E5EC315A451980099509A /* Build configuration list for PBXNativeTarget "DrinkMixer" */;
			buildPhases = (
				C99E5EA715A451980099509A /* Sources */,
				C99E5EA815A451980099509A /* Frameworks */,
				C99E5EA915A451980099509A /* Resources */,
			);
			buildRules = (
			);
			dependencies = (
			);
			name = DrinkMixer;
			productName = DrinkMixer;
			productReference = C99E5EAB15A451980099509A /* DrinkMixer.app */;
			productType = "com.apple.product-type.application";
		};
/* End PBXNativeTarget section */

/* Begin PBXProject section */
		C99E5EA215A451980099509A /* Project object */ = {
			isa = PBXProject;
			attributes = {
				LastUpgradeCheck = 0430;
			};
			buildConfigurationList = C99E5EA515A451980099509A /* Build configuration list for PBXProject "DrinkMixer" */;
			compatibilityVersion = "Xcode 3.2";
			developmentRegion = English;
			hasScannedForEncodings = 0;
			knownRegions = (
				en,
			);
			mainGroup = C99E5EA015A451980099509A;
			productRefGroup = C99E5EAC15A451980099509A /* Products */;
			projectDirPath = "";
			projectRoot = "";
			targets = (
				C99E5EAA15A451980099509A /* DrinkMixer */,
			);
		};
/* End PBXProject section */

/* Begin PBXResourcesBuildPhase section */
		C99E5EA915A451980099509A /* Resources */ = {
			isa = PBXResourcesBuildPhase;
			buildActionMask = 2147483647;
			files = (
				C99E5EBA15A451980099509A /* InfoPlist.strings in Resources */,
				C99E5ECF15A453330099509A /* RootViewController.xib in Resources */,
				C99E5ED115A45CA90099509A /* DrinkList.plist in Resources */,
				C99E5ED615A45F750099509A /* DetailViewController.xib in Resources */,
			);
			runOnlyForDeploymentPostprocessing = 0;
		};
/* End PBXResourcesBuildPhase section */

/* Begin PBXSourcesBuildPhase section */
		C99E5EA715A451980099509A /* Sources */ = {
			isa = PBXSourcesBuildPhase;
			buildActionMask = 2147483647;
			files = (
				C99E5EBC15A451980099509A /* main.m in Sources */,
				C99E5EC015A451980099509A /* AppDelegate.m in Sources */,
				C99E5ECE15A453330099509A /* RootViewController.m in Sources */,
				C99E5ED515A45F750099509A /* DetailViewController.m in Sources */,
				C93C7CB515A57F1300CEF176 /* AddViewController.m in Sources */,
			);
			runOnlyForDeploymentPostprocessing = 0;
		};
/* End PBXSourcesBuildPhase section */

/* Begin PBXVariantGroup section */
		C99E5EB815A451980099509A /* InfoPlist.strings */ = {
			isa = PBXVariantGroup;
			children = (
				C99E5EB915A451980099509A /* en */,
			);
			name = InfoPlist.strings;
			sourceTree = "<group>";
		};
/* End PBXVariantGroup section */

/* Begin XCBuildConfiguration section */
		C99E5EC115A451980099509A /* Debug */ = {
			isa = XCBuildConfiguration;
			buildSettings = {
				ALWAYS_SEARCH_USER_PATHS = NO;
				ARCHS = "$(ARCHS_STANDARD_32_BIT)";
				CLANG_ENABLE_OBJC_ARC = YES;
				"CODE_SIGN_IDENTITY[sdk=iphoneos*]" = "iPhone Developer";
				COPY_PHASE_STRIP = NO;
				GCC_C_LANGUAGE_STANDARD = gnu99;
				GCC_DYNAMIC_NO_PIC = NO;
				GCC_OPTIMIZATION_LEVEL = 0;
				GCC_PREPROCESSOR_DEFINITIONS = (
					"DEBUG=1",
					"$(inherited)",
				);
				GCC_SYMBOLS_PRIVATE_EXTERN = NO;
				GCC_VERSION = com.apple.compilers.llvm.clang.1_0;
				GCC_WARN_ABOUT_RETURN_TYPE = YES;
				GCC_WARN_UNINITIALIZED_AUTOS = YES;
				GCC_WARN_UNUSED_VARIABLE = YES;
				IPHONEOS_DEPLOYMENT_TARGET = 5.1;
				SDKROOT = iphoneos;
			};
			name = Debug;
		};
		C99E5EC215A451980099509A /* Release */ = {
			isa = XCBuildConfiguration;
			buildSettings = {
				ALWAYS_SEARCH_USER_PATHS = NO;
				ARCHS = "$(ARCHS_STANDARD_32_BIT)";
				CLANG_ENABLE_OBJC_ARC = YES;
				"CODE_SIGN_IDENTITY[sdk=iphoneos*]" = "iPhone Developer";
				COPY_PHASE_STRIP = YES;
				GCC_C_LANGUAGE_STANDARD = gnu99;
				GCC_VERSION = com.apple.compilers.llvm.clang.1_0;
				GCC_WARN_ABOUT_RETURN_TYPE = YES;
				GCC_WARN_UNINITIALIZED_AUTOS = YES;
				GCC_WARN_UNUSED_VARIABLE = YES;
				IPHONEOS_DEPLOYMENT_TARGET = 5.1;
				OTHER_CFLAGS = "-DNS_BLOCK_ASSERTIONS=1";
				SDKROOT = iphoneos;
				VALIDATE_PRODUCT = YES;
			};
			name = Release;
		};
		C99E5EC415A451980099509A /* Debug */ = {
			isa = XCBuildConfiguration;
			buildSettings = {
				GCC_PRECOMPILE_PREFIX_HEADER = YES;
				GCC_PREFIX_HEADER = "DrinkMixer/DrinkMixer-Prefix.pch";
				INFOPLIST_FILE = "DrinkMixer/DrinkMixer-Info.plist";
				IPHONEOS_DEPLOYMENT_TARGET = 5.1;
				PRODUCT_NAME = "$(TARGET_NAME)";
				TARGETED_DEVICE_FAMILY = "1,2";
				WRAPPER_EXTENSION = app;
			};
			name = Debug;
		};
		C99E5EC515A451980099509A /* Release */ = {
			isa = XCBuildConfiguration;
			buildSettings = {
				GCC_PRECOMPILE_PREFIX_HEADER = YES;
				GCC_PREFIX_HEADER = "DrinkMixer/DrinkMixer-Prefix.pch";
				INFOPLIST_FILE = "DrinkMixer/DrinkMixer-Info.plist";
				IPHONEOS_DEPLOYMENT_TARGET = 5.1;
				PRODUCT_NAME = "$(TARGET_NAME)";
				TARGETED_DEVICE_FAMILY = "1,2";
				WRAPPER_EXTENSION = app;
			};
			name = Release;
		};
/* End XCBuildConfiguration section */

/* Begin XCConfigurationList section */
		C99E5EA515A451980099509A /* Build configuration list for PBXProject "DrinkMixer" */ = {
			isa = XCConfigurationList;
			buildConfigurations = (
				C99E5EC115A451980099509A /* Debug */,
				C99E5EC215A451980099509A /* Release */,
			);
			defaultConfigurationIsVisible = 0;
			defaultConfigurationName = Release;
		};
		C99E5EC315A451980099509A /* Build configuration list for PBXNativeTarget "DrinkMixer" */ = {
			isa = XCConfigurationList;
			buildConfigurations = (
				C99E5EC415A451980099509A /* Debug */,
				C99E5EC515A451980099509A /* Release */,
			);
			defaultConfigurationIsVisible = 0;
			defaultConfigurationName = Release;
		};
/* End XCConfigurationList section */
	};
	rootObject = C99E5EA215A451980099509A /* Project object */;
}
