// !$*UTF8*$!
{
	archiveVersion = 1;
	classes = {
	};
	objectVersion = 46;
	objects = {

/* Begin PBXBuildFile section */
		AC543BA31887EC5B007AD0E9 /* Foundation.framework in Frameworks */ = {isa = PBXBuildFile; fileRef = AC543BA21887EC5B007AD0E9 /* Foundation.framework */; };
		AC543BA51887EC5B007AD0E9 /* CoreGraphics.framework in Frameworks */ = {isa = PBXBuildFile; fileRef = AC543BA41887EC5B007AD0E9 /* CoreGraphics.framework */; };
		AC543BA71887EC5B007AD0E9 /* UIKit.framework in Frameworks */ = {isa = PBXBuildFile; fileRef = AC543BA61887EC5B007AD0E9 /* UIKit.framework */; };
		AC543BAD1887EC5B007AD0E9 /* InfoPlist.strings in Resources */ = {isa = PBXBuildFile; fileRef = AC543BAB1887EC5B007AD0E9 /* InfoPlist.strings */; };
		AC543BAF1887EC5B007AD0E9 /* main.m in Sources */ = {isa = PBXBuildFile; fileRef = AC543BAE1887EC5B007AD0E9 /* main.m */; };
		AC543BB31887EC5B007AD0E9 /* AppDelegate.m in Sources */ = {isa = PBXBuildFile; fileRef = AC543BB21887EC5B007AD0E9 /* AppDelegate.m */; };
		AC543BB51887EC5B007AD0E9 /* Images.xcassets in Resources */ = {isa = PBXBuildFile; fileRef = AC543BB41887EC5B007AD0E9 /* Images.xcassets */; };
		AC543BBC1887EC5B007AD0E9 /* XCTest.framework in Frameworks */ = {isa = PBXBuildFile; fileRef = AC543BBB1887EC5B007AD0E9 /* XCTest.framework */; };
		AC543BBD1887EC5B007AD0E9 /* Foundation.framework in Frameworks */ = {isa = PBXBuildFile; fileRef = AC543BA21887EC5B007AD0E9 /* Foundation.framework */; };
		AC543BBE1887EC5B007AD0E9 /* UIKit.framework in Frameworks */ = {isa = PBXBuildFile; fileRef = AC543BA61887EC5B007AD0E9 /* UIKit.framework */; };
		AC543BC61887EC5B007AD0E9 /* InfoPlist.strings in Resources */ = {isa = PBXBuildFile; fileRef = AC543BC41887EC5B007AD0E9 /* InfoPlist.strings */; };
		AC543BC81887EC5B007AD0E9 /* ImageUtilsTests.m in Sources */ = {isa = PBXBuildFile; fileRef = AC543BC71887EC5B007AD0E9 /* ImageUtilsTests.m */; };
		AC543BD41887ECA0007AD0E9 /* HomeViewController.m in Sources */ = {isa = PBXBuildFile; fileRef = AC543BD21887ECA0007AD0E9 /* HomeViewController.m */; };
		AC543BD51887ECA0007AD0E9 /* HomeViewController.xib in Resources */ = {isa = PBXBuildFile; fileRef = AC543BD31887ECA0007AD0E9 /* HomeViewController.xib */; };
		AC543BD81887ECE3007AD0E9 /* ImageUtils.m in Sources */ = {isa = PBXBuildFile; fileRef = AC543BD71887ECE3007AD0E9 /* ImageUtils.m */; };
		AC63ACA4188CF12A00EB9032 /* test.jpg in Resources */ = {isa = PBXBuildFile; fileRef = AC63ACA3188CF12A00EB9032 /* test.jpg */; };
		AC63ACA6188CF29C00EB9032 /* images.jpg in Resources */ = {isa = PBXBuildFile; fileRef = AC63ACA5188CF29C00EB9032 /* images.jpg */; };
		ACD6CBEB1887ED6B0042FD28 /* TestImage.png in Resources */ = {isa = PBXBuildFile; fileRef = ACD6CBEA1887ED6B0042FD28 /* TestImage.png */; };
		ACD6CBEF1887F21B0042FD28 /* MultipleImageTestViewController.m in Sources */ = {isa = PBXBuildFile; fileRef = ACD6CBED1887F21B0042FD28 /* MultipleImageTestViewController.m */; };
		ACD6CBF01887F21B0042FD28 /* MultipleImageTestViewController.xib in Resources */ = {isa = PBXBuildFile; fileRef = ACD6CBEE1887F21B0042FD28 /* MultipleImageTestViewController.xib */; };
		ACD6CBF21887F3660042FD28 /* twomb.jpg in Resources */ = {isa = PBXBuildFile; fileRef = ACD6CBF11887F3660042FD28 /* twomb.jpg */; };
		ACE95050188F99F300C0CA00 /* ImagePreviewViewController.m in Sources */ = {isa = PBXBuildFile; fileRef = ACE9504E188F99F300C0CA00 /* ImagePreviewViewController.m */; };
		ACE95051188F99F300C0CA00 /* ImagePreviewViewController.xib in Resources */ = {isa = PBXBuildFile; fileRef = ACE9504F188F99F300C0CA00 /* ImagePreviewViewController.xib */; };
		ACE95056188FA9B000C0CA00 /* WYPopoverController.m in Sources */ = {isa = PBXBuildFile; fileRef = ACE95055188FA9B000C0CA00 /* WYPopoverController.m */; };
		ACE95058188FCADB00C0CA00 /* Cell.xib in Resources */ = {isa = PBXBuildFile; fileRef = ACE95057188FCADB00C0CA00 /* Cell.xib */; };
		ACE9505C188FD80300C0CA00 /* AspectRatioViewController.m in Sources */ = {isa = PBXBuildFile; fileRef = ACE9505A188FD80300C0CA00 /* AspectRatioViewController.m */; };
		ACE9505D188FD80300C0CA00 /* AspectRatioViewController.xib in Resources */ = {isa = PBXBuildFile; fileRef = ACE9505B188FD80300C0CA00 /* AspectRatioViewController.xib */; };
/* End PBXBuildFile section */

/* Begin PBXContainerItemProxy section */
		AC543BBF1887EC5B007AD0E9 /* PBXContainerItemProxy */ = {
			isa = PBXContainerItemProxy;
			containerPortal = AC543B971887EC5B007AD0E9 /* Project object */;
			proxyType = 1;
			remoteGlobalIDString = AC543B9E1887EC5B007AD0E9;
			remoteInfo = ImageUtils;
		};
/* End PBXContainerItemProxy section */

/* Begin PBXFileReference section */
		AC543B9F1887EC5B007AD0E9 /* ImageUtils.app */ = {isa = PBXFileReference; explicitFileType = wrapper.application; includeInIndex = 0; path = ImageUtils.app; sourceTree = BUILT_PRODUCTS_DIR; };
		AC543BA21887EC5B007AD0E9 /* Foundation.framework */ = {isa = PBXFileReference; lastKnownFileType = wrapper.framework; name = Foundation.framework; path = System/Library/Frameworks/Foundation.framework; sourceTree = SDKROOT; };
		AC543BA41887EC5B007AD0E9 /* CoreGraphics.framework */ = {isa = PBXFileReference; lastKnownFileType = wrapper.framework; name = CoreGraphics.framework; path = System/Library/Frameworks/CoreGraphics.framework; sourceTree = SDKROOT; };
		AC543BA61887EC5B007AD0E9 /* UIKit.framework */ = {isa = PBXFileReference; lastKnownFileType = wrapper.framework; name = UIKit.framework; path = System/Library/Frameworks/UIKit.framework; sourceTree = SDKROOT; };
		AC543BAA1887EC5B007AD0E9 /* ImageUtils-Info.plist */ = {isa = PBXFileReference; lastKnownFileType = text.plist.xml; path = "ImageUtils-Info.plist"; sourceTree = "<group>"; };
		AC543BAC1887EC5B007AD0E9 /* en */ = {isa = PBXFileReference; lastKnownFileType = text.plist.strings; name = en; path = en.lproj/InfoPlist.strings; sourceTree = "<group>"; };
		AC543BAE1887EC5B007AD0E9 /* main.m */ = {isa = PBXFileReference; lastKnownFileType = sourcecode.c.objc; path = main.m; sourceTree = "<group>"; };
		AC543BB01887EC5B007AD0E9 /* ImageUtils-Prefix.pch */ = {isa = PBXFileReference; lastKnownFileType = sourcecode.c.h; path = "ImageUtils-Prefix.pch"; sourceTree = "<group>"; };
		AC543BB11887EC5B007AD0E9 /* AppDelegate.h */ = {isa = PBXFileReference; lastKnownFileType = sourcecode.c.h; path = AppDelegate.h; sourceTree = "<group>"; };
		AC543BB21887EC5B007AD0E9 /* AppDelegate.m */ = {isa = PBXFileReference; lastKnownFileType = sourcecode.c.objc; path = AppDelegate.m; sourceTree = "<group>"; };
		AC543BB41887EC5B007AD0E9 /* Images.xcassets */ = {isa = PBXFileReference; lastKnownFileType = folder.assetcatalog; path = Images.xcassets; sourceTree = "<group>"; };
		AC543BBA1887EC5B007AD0E9 /* ImageUtilsTests.xctest */ = {isa = PBXFileReference; explicitFileType = wrapper.cfbundle; includeInIndex = 0; path = ImageUtilsTests.xctest; sourceTree = BUILT_PRODUCTS_DIR; };
		AC543BBB1887EC5B007AD0E9 /* XCTest.framework */ = {isa = PBXFileReference; lastKnownFileType = wrapper.framework; name = XCTest.framework; path = Library/Frameworks/XCTest.framework; sourceTree = DEVELOPER_DIR; };
		AC543BC31887EC5B007AD0E9 /* ImageUtilsTests-Info.plist */ = {isa = PBXFileReference; lastKnownFileType = text.plist.xml; path = "ImageUtilsTests-Info.plist"; sourceTree = "<group>"; };
		AC543BC51887EC5B007AD0E9 /* en */ = {isa = PBXFileReference; lastKnownFileType = text.plist.strings; name = en; path = en.lproj/InfoPlist.strings; sourceTree = "<group>"; };
		AC543BC71887EC5B007AD0E9 /* ImageUtilsTests.m */ = {isa = PBXFileReference; lastKnownFileType = sourcecode.c.objc; path = ImageUtilsTests.m; sourceTree = "<group>"; };
		AC543BD11887ECA0007AD0E9 /* HomeViewController.h */ = {isa = PBXFileReference; fileEncoding = 4; lastKnownFileType = sourcecode.c.h; path = HomeViewController.h; sourceTree = "<group>"; };
		AC543BD21887ECA0007AD0E9 /* HomeViewController.m */ = {isa = PBXFileReference; fileEncoding = 4; lastKnownFileType = sourcecode.c.objc; path = HomeViewController.m; sourceTree = "<group>"; };
		AC543BD31887ECA0007AD0E9 /* HomeViewController.xib */ = {isa = PBXFileReference; fileEncoding = 4; lastKnownFileType = file.xib; path = HomeViewController.xib; sourceTree = "<group>"; };
		AC543BD61887ECE3007AD0E9 /* ImageUtils.h */ = {isa = PBXFileReference; fileEncoding = 4; lastKnownFileType = sourcecode.c.h; path = ImageUtils.h; sourceTree = "<group>"; };
		AC543BD71887ECE3007AD0E9 /* ImageUtils.m */ = {isa = PBXFileReference; fileEncoding = 4; lastKnownFileType = sourcecode.c.objc; path = ImageUtils.m; sourceTree = "<group>"; };
		AC63ACA3188CF12A00EB9032 /* test.jpg */ = {isa = PBXFileReference; lastKnownFileType = image.jpeg; path = test.jpg; sourceTree = "<group>"; };
		AC63ACA5188CF29C00EB9032 /* images.jpg */ = {isa = PBXFileReference; lastKnownFileType = image.jpeg; path = images.jpg; sourceTree = "<group>"; };
		ACD6CBEA1887ED6B0042FD28 /* TestImage.png */ = {isa = PBXFileReference; lastKnownFileType = image.png; path = TestImage.png; sourceTree = "<group>"; };
		ACD6CBEC1887F21B0042FD28 /* MultipleImageTestViewController.h */ = {isa = PBXFileReference; fileEncoding = 4; lastKnownFileType = sourcecode.c.h; name = MultipleImageTestViewController.h; path = ../MultipleImageTestViewController.h; sourceTree = "<group>"; };
		ACD6CBED1887F21B0042FD28 /* MultipleImageTestViewController.m */ = {isa = PBXFileReference; fileEncoding = 4; lastKnownFileType = sourcecode.c.objc; name = MultipleImageTestViewController.m; path = ../MultipleImageTestViewController.m; sourceTree = "<group>"; };
		ACD6CBEE1887F21B0042FD28 /* MultipleImageTestViewController.xib */ = {isa = PBXFileReference; fileEncoding = 4; lastKnownFileType = file.xib; name = MultipleImageTestViewController.xib; path = ../MultipleImageTestViewController.xib; sourceTree = "<group>"; };
		ACD6CBF11887F3660042FD28 /* twomb.jpg */ = {isa = PBXFileReference; lastKnownFileType = image.jpeg; path = twomb.jpg; sourceTree = "<group>"; };
		ACE9504D188F99F300C0CA00 /* ImagePreviewViewController.h */ = {isa = PBXFileReference; fileEncoding = 4; lastKnownFileType = sourcecode.c.h; path = ImagePreviewViewController.h; sourceTree = "<group>"; };
		ACE9504E188F99F300C0CA00 /* ImagePreviewViewController.m */ = {isa = PBXFileReference; fileEncoding = 4; lastKnownFileType = sourcecode.c.objc; path = ImagePreviewViewController.m; sourceTree = "<group>"; };
		ACE9504F188F99F300C0CA00 /* ImagePreviewViewController.xib */ = {isa = PBXFileReference; fileEncoding = 4; lastKnownFileType = file.xib; path = ImagePreviewViewController.xib; sourceTree = "<group>"; };
		ACE95054188FA9B000C0CA00 /* WYPopoverController.h */ = {isa = PBXFileReference; fileEncoding = 4; lastKnownFileType = sourcecode.c.h; path = WYPopoverController.h; sourceTree = "<group>"; };
		ACE95055188FA9B000C0CA00 /* WYPopoverController.m */ = {isa = PBXFileReference; fileEncoding = 4; lastKnownFileType = sourcecode.c.objc; path = WYPopoverController.m; sourceTree = "<group>"; };
		ACE95057188FCADB00C0CA00 /* Cell.xib */ = {isa = PBXFileReference; fileEncoding = 4; lastKnownFileType = file.xib; path = Cell.xib; sourceTree = "<group>"; };
		ACE95059188FD80300C0CA00 /* AspectRatioViewController.h */ = {isa = PBXFileReference; fileEncoding = 4; lastKnownFileType = sourcecode.c.h; name = AspectRatioViewController.h; path = ../AspectRatioViewController.h; sourceTree = "<group>"; };
		ACE9505A188FD80300C0CA00 /* AspectRatioViewController.m */ = {isa = PBXFileReference; fileEncoding = 4; lastKnownFileType = sourcecode.c.objc; name = AspectRatioViewController.m; path = ../AspectRatioViewController.m; sourceTree = "<group>"; };
		ACE9505B188FD80300C0CA00 /* AspectRatioViewController.xib */ = {isa = PBXFileReference; fileEncoding = 4; lastKnownFileType = file.xib; name = AspectRatioViewController.xib; path = ../AspectRatioViewController.xib; sourceTree = "<group>"; };
/* End PBXFileReference section */

/* Begin PBXFrameworksBuildPhase section */
		AC543B9C1887EC5B007AD0E9 /* Frameworks */ = {
			isa = PBXFrameworksBuildPhase;
			buildActionMask = 2147483647;
			files = (
				AC543BA51887EC5B007AD0E9 /* CoreGraphics.framework in Frameworks */,
				AC543BA71887EC5B007AD0E9 /* UIKit.framework in Frameworks */,
				AC543BA31887EC5B007AD0E9 /* Foundation.framework in Frameworks */,
			);
			runOnlyForDeploymentPostprocessing = 0;
		};
		AC543BB71887EC5B007AD0E9 /* Frameworks */ = {
			isa = PBXFrameworksBuildPhase;
			buildActionMask = 2147483647;
			files = (
				AC543BBC1887EC5B007AD0E9 /* XCTest.framework in Frameworks */,
				AC543BBE1887EC5B007AD0E9 /* UIKit.framework in Frameworks */,
				AC543BBD1887EC5B007AD0E9 /* Foundation.framework in Frameworks */,
			);
			runOnlyForDeploymentPostprocessing = 0;
		};
/* End PBXFrameworksBuildPhase section */

/* Begin PBXGroup section */
		AC543B961887EC5B007AD0E9 = {
			isa = PBXGroup;
			children = (
				AC543BA81887EC5B007AD0E9 /* ImageUtils */,
				AC543BC11887EC5B007AD0E9 /* ImageUtilsTests */,
				AC543BA11887EC5B007AD0E9 /* Frameworks */,
				AC543BA01887EC5B007AD0E9 /* Products */,
			);
			sourceTree = "<group>";
		};
		AC543BA01887EC5B007AD0E9 /* Products */ = {
			isa = PBXGroup;
			children = (
				AC543B9F1887EC5B007AD0E9 /* ImageUtils.app */,
				AC543BBA1887EC5B007AD0E9 /* ImageUtilsTests.xctest */,
			);
			name = Products;
			sourceTree = "<group>";
		};
		AC543BA11887EC5B007AD0E9 /* Frameworks */ = {
			isa = PBXGroup;
			children = (
				AC543BA21887EC5B007AD0E9 /* Foundation.framework */,
				AC543BA41887EC5B007AD0E9 /* CoreGraphics.framework */,
				AC543BA61887EC5B007AD0E9 /* UIKit.framework */,
				AC543BBB1887EC5B007AD0E9 /* XCTest.framework */,
			);
			name = Frameworks;
			sourceTree = "<group>";
		};
		AC543BA81887EC5B007AD0E9 /* ImageUtils */ = {
			isa = PBXGroup;
			children = (
				AC543BB11887EC5B007AD0E9 /* AppDelegate.h */,
				AC543BB21887EC5B007AD0E9 /* AppDelegate.m */,
				ACD6CBEC1887F21B0042FD28 /* MultipleImageTestViewController.h */,
				ACD6CBED1887F21B0042FD28 /* MultipleImageTestViewController.m */,
				ACD6CBEE1887F21B0042FD28 /* MultipleImageTestViewController.xib */,
				ACE9504D188F99F300C0CA00 /* ImagePreviewViewController.h */,
				ACE9504E188F99F300C0CA00 /* ImagePreviewViewController.m */,
				ACE9504F188F99F300C0CA00 /* ImagePreviewViewController.xib */,
				ACE95057188FCADB00C0CA00 /* Cell.xib */,
				ACE95059188FD80300C0CA00 /* AspectRatioViewController.h */,
				ACE9505A188FD80300C0CA00 /* AspectRatioViewController.m */,
				ACE9505B188FD80300C0CA00 /* AspectRatioViewController.xib */,
				AC543BD11887ECA0007AD0E9 /* HomeViewController.h */,
				AC543BD21887ECA0007AD0E9 /* HomeViewController.m */,
				AC543BD31887ECA0007AD0E9 /* HomeViewController.xib */,
				AC543BD61887ECE3007AD0E9 /* ImageUtils.h */,
				AC543BD71887ECE3007AD0E9 /* ImageUtils.m */,
				AC543BB41887EC5B007AD0E9 /* Images.xcassets */,
				ACD6CBEA1887ED6B0042FD28 /* TestImage.png */,
				ACD6CBF11887F3660042FD28 /* twomb.jpg */,
				AC63ACA5188CF29C00EB9032 /* images.jpg */,
				AC63ACA3188CF12A00EB9032 /* test.jpg */,
				ACE95054188FA9B000C0CA00 /* WYPopoverController.h */,
				ACE95055188FA9B000C0CA00 /* WYPopoverController.m */,
				AC543BA91887EC5B007AD0E9 /* Supporting Files */,
			);
			path = ImageUtils;
			sourceTree = "<group>";
		};
		AC543BA91887EC5B007AD0E9 /* Supporting Files */ = {
			isa = PBXGroup;
			children = (
				AC543BAA1887EC5B007AD0E9 /* ImageUtils-Info.plist */,
				AC543BAB1887EC5B007AD0E9 /* InfoPlist.strings */,
				AC543BAE1887EC5B007AD0E9 /* main.m */,
				AC543BB01887EC5B007AD0E9 /* ImageUtils-Prefix.pch */,
			);
			name = "Supporting Files";
			sourceTree = "<group>";
		};
		AC543BC11887EC5B007AD0E9 /* ImageUtilsTests */ = {
			isa = PBXGroup;
			children = (
				AC543BC71887EC5B007AD0E9 /* ImageUtilsTests.m */,
				AC543BC21887EC5B007AD0E9 /* Supporting Files */,
			);
			path = ImageUtilsTests;
			sourceTree = "<group>";
		};
		AC543BC21887EC5B007AD0E9 /* Supporting Files */ = {
			isa = PBXGroup;
			children = (
				AC543BC31887EC5B007AD0E9 /* ImageUtilsTests-Info.plist */,
				AC543BC41887EC5B007AD0E9 /* InfoPlist.strings */,
			);
			name = "Supporting Files";
			sourceTree = "<group>";
		};
/* End PBXGroup section */

/* Begin PBXNativeTarget section */
		AC543B9E1887EC5B007AD0E9 /* ImageUtils */ = {
			isa = PBXNativeTarget;
			buildConfigurationList = AC543BCB1887EC5B007AD0E9 /* Build configuration list for PBXNativeTarget "ImageUtils" */;
			buildPhases = (
				AC543B9B1887EC5B007AD0E9 /* Sources */,
				AC543B9C1887EC5B007AD0E9 /* Frameworks */,
				AC543B9D1887EC5B007AD0E9 /* Resources */,
			);
			buildRules = (
			);
			dependencies = (
			);
			name = ImageUtils;
			productName = ImageUtils;
			productReference = AC543B9F1887EC5B007AD0E9 /* ImageUtils.app */;
			productType = "com.apple.product-type.application";
		};
		AC543BB91887EC5B007AD0E9 /* ImageUtilsTests */ = {
			isa = PBXNativeTarget;
			buildConfigurationList = AC543BCE1887EC5B007AD0E9 /* Build configuration list for PBXNativeTarget "ImageUtilsTests" */;
			buildPhases = (
				AC543BB61887EC5B007AD0E9 /* Sources */,
				AC543BB71887EC5B007AD0E9 /* Frameworks */,
				AC543BB81887EC5B007AD0E9 /* Resources */,
			);
			buildRules = (
			);
			dependencies = (
				AC543BC01887EC5B007AD0E9 /* PBXTargetDependency */,
			);
			name = ImageUtilsTests;
			productName = ImageUtilsTests;
			productReference = AC543BBA1887EC5B007AD0E9 /* ImageUtilsTests.xctest */;
			productType = "com.apple.product-type.bundle.unit-test";
		};
/* End PBXNativeTarget section */

/* Begin PBXProject section */
		AC543B971887EC5B007AD0E9 /* Project object */ = {
			isa = PBXProject;
			attributes = {
				LastUpgradeCheck = 0500;
				ORGANIZATIONNAME = Akshat;
				TargetAttributes = {
					AC543BB91887EC5B007AD0E9 = {
						TestTargetID = AC543B9E1887EC5B007AD0E9;
					};
				};
			};
			buildConfigurationList = AC543B9A1887EC5B007AD0E9 /* Build configuration list for PBXProject "ImageUtils" */;
			compatibilityVersion = "Xcode 3.2";
			developmentRegion = English;
			hasScannedForEncodings = 0;
			knownRegions = (
				en,
			);
			mainGroup = AC543B961887EC5B007AD0E9;
			productRefGroup = AC543BA01887EC5B007AD0E9 /* Products */;
			projectDirPath = "";
			projectRoot = "";
			targets = (
				AC543B9E1887EC5B007AD0E9 /* ImageUtils */,
				AC543BB91887EC5B007AD0E9 /* ImageUtilsTests */,
			);
		};
/* End PBXProject section */

/* Begin PBXResourcesBuildPhase section */
		AC543B9D1887EC5B007AD0E9 /* Resources */ = {
			isa = PBXResourcesBuildPhase;
			buildActionMask = 2147483647;
			files = (
				AC543BAD1887EC5B007AD0E9 /* InfoPlist.strings in Resources */,
				ACE95058188FCADB00C0CA00 /* Cell.xib in Resources */,
				AC543BB51887EC5B007AD0E9 /* Images.xcassets in Resources */,
				ACE95051188F99F300C0CA00 /* ImagePreviewViewController.xib in Resources */,
				ACE9505D188FD80300C0CA00 /* AspectRatioViewController.xib in Resources */,
				AC63ACA4188CF12A00EB9032 /* test.jpg in Resources */,
				ACD6CBF01887F21B0042FD28 /* MultipleImageTestViewController.xib in Resources */,
				AC543BD51887ECA0007AD0E9 /* HomeViewController.xib in Resources */,
				ACD6CBEB1887ED6B0042FD28 /* TestImage.png in Resources */,
				ACD6CBF21887F3660042FD28 /* twomb.jpg in Resources */,
				AC63ACA6188CF29C00EB9032 /* images.jpg in Resources */,
			);
			runOnlyForDeploymentPostprocessing = 0;
		};
		AC543BB81887EC5B007AD0E9 /* Resources */ = {
			isa = PBXResourcesBuildPhase;
			buildActionMask = 2147483647;
			files = (
				AC543BC61887EC5B007AD0E9 /* InfoPlist.strings in Resources */,
			);
			runOnlyForDeploymentPostprocessing = 0;
		};
/* End PBXResourcesBuildPhase section */

/* Begin PBXSourcesBuildPhase section */
		AC543B9B1887EC5B007AD0E9 /* Sources */ = {
			isa = PBXSourcesBuildPhase;
			buildActionMask = 2147483647;
			files = (
				AC543BB31887EC5B007AD0E9 /* AppDelegate.m in Sources */,
				ACE95050188F99F300C0CA00 /* ImagePreviewViewController.m in Sources */,
				ACD6CBEF1887F21B0042FD28 /* MultipleImageTestViewController.m in Sources */,
				ACE95056188FA9B000C0CA00 /* WYPopoverController.m in Sources */,
				ACE9505C188FD80300C0CA00 /* AspectRatioViewController.m in Sources */,
				AC543BAF1887EC5B007AD0E9 /* main.m in Sources */,
				AC543BD41887ECA0007AD0E9 /* HomeViewController.m in Sources */,
				AC543BD81887ECE3007AD0E9 /* ImageUtils.m in Sources */,
			);
			runOnlyForDeploymentPostprocessing = 0;
		};
		AC543BB61887EC5B007AD0E9 /* Sources */ = {
			isa = PBXSourcesBuildPhase;
			buildActionMask = 2147483647;
			files = (
				AC543BC81887EC5B007AD0E9 /* ImageUtilsTests.m in Sources */,
			);
			runOnlyForDeploymentPostprocessing = 0;
		};
/* End PBXSourcesBuildPhase section */

/* Begin PBXTargetDependency section */
		AC543BC01887EC5B007AD0E9 /* PBXTargetDependency */ = {
			isa = PBXTargetDependency;
			target = AC543B9E1887EC5B007AD0E9 /* ImageUtils */;
			targetProxy = AC543BBF1887EC5B007AD0E9 /* PBXContainerItemProxy */;
		};
/* End PBXTargetDependency section */

/* Begin PBXVariantGroup section */
		AC543BAB1887EC5B007AD0E9 /* InfoPlist.strings */ = {
			isa = PBXVariantGroup;
			children = (
				AC543BAC1887EC5B007AD0E9 /* en */,
			);
			name = InfoPlist.strings;
			sourceTree = "<group>";
		};
		AC543BC41887EC5B007AD0E9 /* InfoPlist.strings */ = {
			isa = PBXVariantGroup;
			children = (
				AC543BC51887EC5B007AD0E9 /* en */,
			);
			name = InfoPlist.strings;
			sourceTree = "<group>";
		};
/* End PBXVariantGroup section */

/* Begin XCBuildConfiguration section */
		AC543BC91887EC5B007AD0E9 /* Debug */ = {
			isa = XCBuildConfiguration;
			buildSettings = {
				ALWAYS_SEARCH_USER_PATHS = NO;
				ARCHS = "$(ARCHS_STANDARD_INCLUDING_64_BIT)";
				CLANG_CXX_LANGUAGE_STANDARD = "gnu++0x";
				CLANG_CXX_LIBRARY = "libc++";
				CLANG_ENABLE_MODULES = YES;
				CLANG_ENABLE_OBJC_ARC = YES;
				CLANG_WARN_BOOL_CONVERSION = YES;
				CLANG_WARN_CONSTANT_CONVERSION = YES;
				CLANG_WARN_DIRECT_OBJC_ISA_USAGE = YES_ERROR;
				CLANG_WARN_EMPTY_BODY = YES;
				CLANG_WARN_ENUM_CONVERSION = YES;
				CLANG_WARN_INT_CONVERSION = YES;
				CLANG_WARN_OBJC_ROOT_CLASS = YES_ERROR;
				CLANG_WARN__DUPLICATE_METHOD_MATCH = YES;
				"CODE_SIGN_IDENTITY[sdk=iphoneos*]" = "iPhone Developer";
				COPY_PHASE_STRIP = NO;
				GCC_C_LANGUAGE_STANDARD = gnu99;
				GCC_DYNAMIC_NO_PIC = NO;
				GCC_OPTIMIZATION_LEVEL = 0;
				GCC_PREPROCESSOR_DEFINITIONS = (
					"DEBUG=1",
					"$(inherited)",
				);
				GCC_SYMBOLS_PRIVATE_EXTERN = NO;
				GCC_WARN_64_TO_32_BIT_CONVERSION = YES;
				GCC_WARN_ABOUT_RETURN_TYPE = YES_ERROR;
				GCC_WARN_UNDECLARED_SELECTOR = YES;
				GCC_WARN_UNINITIALIZED_AUTOS = YES;
				GCC_WARN_UNUSED_FUNCTION = YES;
				GCC_WARN_UNUSED_VARIABLE = YES;
				IPHONEOS_DEPLOYMENT_TARGET = 7.0;
				ONLY_ACTIVE_ARCH = YES;
				SDKROOT = iphoneos;
			};
			name = Debug;
		};
		AC543BCA1887EC5B007AD0E9 /* Release */ = {
			isa = XCBuildConfiguration;
			buildSettings = {
				ALWAYS_SEARCH_USER_PATHS = NO;
				ARCHS = "$(ARCHS_STANDARD_INCLUDING_64_BIT)";
				CLANG_CXX_LANGUAGE_STANDARD = "gnu++0x";
				CLANG_CXX_LIBRARY = "libc++";
				CLANG_ENABLE_MODULES = YES;
				CLANG_ENABLE_OBJC_ARC = YES;
				CLANG_WARN_BOOL_CONVERSION = YES;
				CLANG_WARN_CONSTANT_CONVERSION = YES;
				CLANG_WARN_DIRECT_OBJC_ISA_USAGE = YES_ERROR;
				CLANG_WARN_EMPTY_BODY = YES;
				CLANG_WARN_ENUM_CONVERSION = YES;
				CLANG_WARN_INT_CONVERSION = YES;
				CLANG_WARN_OBJC_ROOT_CLASS = YES_ERROR;
				CLANG_WARN__DUPLICATE_METHOD_MATCH = YES;
				"CODE_SIGN_IDENTITY[sdk=iphoneos*]" = "iPhone Developer";
				COPY_PHASE_STRIP = YES;
				ENABLE_NS_ASSERTIONS = NO;
				GCC_C_LANGUAGE_STANDARD = gnu99;
				GCC_WARN_64_TO_32_BIT_CONVERSION = YES;
				GCC_WARN_ABOUT_RETURN_TYPE = YES_ERROR;
				GCC_WARN_UNDECLARED_SELECTOR = YES;
				GCC_WARN_UNINITIALIZED_AUTOS = YES;
				GCC_WARN_UNUSED_FUNCTION = YES;
				GCC_WARN_UNUSED_VARIABLE = YES;
				IPHONEOS_DEPLOYMENT_TARGET = 7.0;
				SDKROOT = iphoneos;
				VALIDATE_PRODUCT = YES;
			};
			name = Release;
		};
		AC543BCC1887EC5B007AD0E9 /* Debug */ = {
			isa = XCBuildConfiguration;
			buildSettings = {
				ASSETCATALOG_COMPILER_APPICON_NAME = AppIcon;
				ASSETCATALOG_COMPILER_LAUNCHIMAGE_NAME = LaunchImage;
				CODE_SIGN_IDENTITY = "iPhone Developer";
				GCC_PRECOMPILE_PREFIX_HEADER = YES;
				GCC_PREFIX_HEADER = "ImageUtils/ImageUtils-Prefix.pch";
				INFOPLIST_FILE = "ImageUtils/ImageUtils-Info.plist";
				PRODUCT_NAME = "$(TARGET_NAME)";
				PROVISIONING_PROFILE = "8B68FBD4-1FA1-4068-927D-7A9AE5A4307C";
				WRAPPER_EXTENSION = app;
			};
			name = Debug;
		};
		AC543BCD1887EC5B007AD0E9 /* Release */ = {
			isa = XCBuildConfiguration;
			buildSettings = {
				ASSETCATALOG_COMPILER_APPICON_NAME = AppIcon;
				ASSETCATALOG_COMPILER_LAUNCHIMAGE_NAME = LaunchImage;
				CODE_SIGN_IDENTITY = "iPhone Developer";
				GCC_PRECOMPILE_PREFIX_HEADER = YES;
				GCC_PREFIX_HEADER = "ImageUtils/ImageUtils-Prefix.pch";
				INFOPLIST_FILE = "ImageUtils/ImageUtils-Info.plist";
				PRODUCT_NAME = "$(TARGET_NAME)";
				PROVISIONING_PROFILE = "8B68FBD4-1FA1-4068-927D-7A9AE5A4307C";
				WRAPPER_EXTENSION = app;
			};
			name = Release;
		};
		AC543BCF1887EC5B007AD0E9 /* Debug */ = {
			isa = XCBuildConfiguration;
			buildSettings = {
				ARCHS = "$(ARCHS_STANDARD_INCLUDING_64_BIT)";
				BUNDLE_LOADER = "$(BUILT_PRODUCTS_DIR)/ImageUtils.app/ImageUtils";
				FRAMEWORK_SEARCH_PATHS = (
					"$(SDKROOT)/Developer/Library/Frameworks",
					"$(inherited)",
					"$(DEVELOPER_FRAMEWORKS_DIR)",
				);
				GCC_PRECOMPILE_PREFIX_HEADER = YES;
				GCC_PREFIX_HEADER = "ImageUtils/ImageUtils-Prefix.pch";
				GCC_PREPROCESSOR_DEFINITIONS = (
					"DEBUG=1",
					"$(inherited)",
				);
				INFOPLIST_FILE = "ImageUtilsTests/ImageUtilsTests-Info.plist";
				PRODUCT_NAME = "$(TARGET_NAME)";
				TEST_HOST = "$(BUNDLE_LOADER)";
				WRAPPER_EXTENSION = xctest;
			};
			name = Debug;
		};
		AC543BD01887EC5B007AD0E9 /* Release */ = {
			isa = XCBuildConfiguration;
			buildSettings = {
				ARCHS = "$(ARCHS_STANDARD_INCLUDING_64_BIT)";
				BUNDLE_LOADER = "$(BUILT_PRODUCTS_DIR)/ImageUtils.app/ImageUtils";
				FRAMEWORK_SEARCH_PATHS = (
					"$(SDKROOT)/Developer/Library/Frameworks",
					"$(inherited)",
					"$(DEVELOPER_FRAMEWORKS_DIR)",
				);
				GCC_PRECOMPILE_PREFIX_HEADER = YES;
				GCC_PREFIX_HEADER = "ImageUtils/ImageUtils-Prefix.pch";
				INFOPLIST_FILE = "ImageUtilsTests/ImageUtilsTests-Info.plist";
				PRODUCT_NAME = "$(TARGET_NAME)";
				TEST_HOST = "$(BUNDLE_LOADER)";
				WRAPPER_EXTENSION = xctest;
			};
			name = Release;
		};
/* End XCBuildConfiguration section */

/* Begin XCConfigurationList section */
		AC543B9A1887EC5B007AD0E9 /* Build configuration list for PBXProject "ImageUtils" */ = {
			isa = XCConfigurationList;
			buildConfigurations = (
				AC543BC91887EC5B007AD0E9 /* Debug */,
				AC543BCA1887EC5B007AD0E9 /* Release */,
			);
			defaultConfigurationIsVisible = 0;
			defaultConfigurationName = Release;
		};
		AC543BCB1887EC5B007AD0E9 /* Build configuration list for PBXNativeTarget "ImageUtils" */ = {
			isa = XCConfigurationList;
			buildConfigurations = (
				AC543BCC1887EC5B007AD0E9 /* Debug */,
				AC543BCD1887EC5B007AD0E9 /* Release */,
			);
			defaultConfigurationIsVisible = 0;
			defaultConfigurationName = Release;
		};
		AC543BCE1887EC5B007AD0E9 /* Build configuration list for PBXNativeTarget "ImageUtilsTests" */ = {
			isa = XCConfigurationList;
			buildConfigurations = (
				AC543BCF1887EC5B007AD0E9 /* Debug */,
				AC543BD01887EC5B007AD0E9 /* Release */,
			);
			defaultConfigurationIsVisible = 0;
			defaultConfigurationName = Release;
		};
/* End XCConfigurationList section */
	};
	rootObject = AC543B971887EC5B007AD0E9 /* Project object */;
}
