// !$*UTF8*$!
{
	archiveVersion = 1;
	classes = {
	};
	objectVersion = 46;
	objects = {

/* Begin PBXBuildFile section */
		AC2F77D217D8AF6D00B4206B /* Foundation.framework in Frameworks */ = {isa = PBXBuildFile; fileRef = AC2F77D117D8AF6D00B4206B /* Foundation.framework */; };
		AC2F77D417D8AF6D00B4206B /* CoreGraphics.framework in Frameworks */ = {isa = PBXBuildFile; fileRef = AC2F77D317D8AF6D00B4206B /* CoreGraphics.framework */; };
		AC2F77D617D8AF6D00B4206B /* UIKit.framework in Frameworks */ = {isa = PBXBuildFile; fileRef = AC2F77D517D8AF6D00B4206B /* UIKit.framework */; };
		AC2F77DC17D8AF6D00B4206B /* InfoPlist.strings in Resources */ = {isa = PBXBuildFile; fileRef = AC2F77DA17D8AF6D00B4206B /* InfoPlist.strings */; };
		AC2F77DE17D8AF6D00B4206B /* main.m in Sources */ = {isa = PBXBuildFile; fileRef = AC2F77DD17D8AF6D00B4206B /* main.m */; };
		AC2F77E217D8AF6D00B4206B /* AppDelegate.m in Sources */ = {isa = PBXBuildFile; fileRef = AC2F77E117D8AF6D00B4206B /* AppDelegate.m */; };
		AC2F77E517D8AF6D00B4206B /* Main.storyboard in Resources */ = {isa = PBXBuildFile; fileRef = AC2F77E317D8AF6D00B4206B /* Main.storyboard */; };
		AC2F77EA17D8AF6D00B4206B /* Images.xcassets in Resources */ = {isa = PBXBuildFile; fileRef = AC2F77E917D8AF6D00B4206B /* Images.xcassets */; };
		AC2F77F117D8AF6D00B4206B /* XCTest.framework in Frameworks */ = {isa = PBXBuildFile; fileRef = AC2F77F017D8AF6D00B4206B /* XCTest.framework */; };
		AC2F77F217D8AF6D00B4206B /* Foundation.framework in Frameworks */ = {isa = PBXBuildFile; fileRef = AC2F77D117D8AF6D00B4206B /* Foundation.framework */; };
		AC2F77F317D8AF6D00B4206B /* UIKit.framework in Frameworks */ = {isa = PBXBuildFile; fileRef = AC2F77D517D8AF6D00B4206B /* UIKit.framework */; };
		AC2F77FB17D8AF6D00B4206B /* InfoPlist.strings in Resources */ = {isa = PBXBuildFile; fileRef = AC2F77F917D8AF6D00B4206B /* InfoPlist.strings */; };
		AC2F77FD17D8AF6D00B4206B /* StoryboardTutorialTests.m in Sources */ = {isa = PBXBuildFile; fileRef = AC2F77FC17D8AF6D00B4206B /* StoryboardTutorialTests.m */; };
		ACB225B117D99FCE00F80B93 /* ViewController1.h in Sources */ = {isa = PBXBuildFile; fileRef = ACB225AD17D99DB800F80B93 /* ViewController1.h */; };
		ACB225B217D99FCE00F80B93 /* ViewController1.m in Sources */ = {isa = PBXBuildFile; fileRef = ACB225AE17D99DB800F80B93 /* ViewController1.m */; };
		ACB225B317D99FCE00F80B93 /* ViewController2.h in Sources */ = {isa = PBXBuildFile; fileRef = ACB225AF17D99DE500F80B93 /* ViewController2.h */; };
		ACB225B417D99FCE00F80B93 /* ViewController2.m in Sources */ = {isa = PBXBuildFile; fileRef = ACB225B017D99DE500F80B93 /* ViewController2.m */; };
		ACB225B717D9ABEA00F80B93 /* CustomAnimationSegue.h in Sources */ = {isa = PBXBuildFile; fileRef = ACB225B517D9AB9200F80B93 /* CustomAnimationSegue.h */; };
		ACB225B817D9ABEA00F80B93 /* CustomAnimationSegue.m in Sources */ = {isa = PBXBuildFile; fileRef = ACB225B617D9AB9200F80B93 /* CustomAnimationSegue.m */; };
/* End PBXBuildFile section */

/* Begin PBXContainerItemProxy section */
		AC2F77F417D8AF6D00B4206B /* PBXContainerItemProxy */ = {
			isa = PBXContainerItemProxy;
			containerPortal = AC2F77C617D8AF6D00B4206B /* Project object */;
			proxyType = 1;
			remoteGlobalIDString = AC2F77CD17D8AF6D00B4206B;
			remoteInfo = StoryboardTutorial;
		};
/* End PBXContainerItemProxy section */

/* Begin PBXFileReference section */
		AC2F77CE17D8AF6D00B4206B /* StoryboardTutorial.app */ = {isa = PBXFileReference; explicitFileType = wrapper.application; includeInIndex = 0; path = StoryboardTutorial.app; sourceTree = BUILT_PRODUCTS_DIR; };
		AC2F77D117D8AF6D00B4206B /* Foundation.framework */ = {isa = PBXFileReference; lastKnownFileType = wrapper.framework; name = Foundation.framework; path = System/Library/Frameworks/Foundation.framework; sourceTree = SDKROOT; };
		AC2F77D317D8AF6D00B4206B /* CoreGraphics.framework */ = {isa = PBXFileReference; lastKnownFileType = wrapper.framework; name = CoreGraphics.framework; path = System/Library/Frameworks/CoreGraphics.framework; sourceTree = SDKROOT; };
		AC2F77D517D8AF6D00B4206B /* UIKit.framework */ = {isa = PBXFileReference; lastKnownFileType = wrapper.framework; name = UIKit.framework; path = System/Library/Frameworks/UIKit.framework; sourceTree = SDKROOT; };
		AC2F77D917D8AF6D00B4206B /* StoryboardTutorial-Info.plist */ = {isa = PBXFileReference; lastKnownFileType = text.plist.xml; path = "StoryboardTutorial-Info.plist"; sourceTree = "<group>"; };
		AC2F77DB17D8AF6D00B4206B /* en */ = {isa = PBXFileReference; lastKnownFileType = text.plist.strings; name = en; path = en.lproj/InfoPlist.strings; sourceTree = "<group>"; };
		AC2F77DD17D8AF6D00B4206B /* main.m */ = {isa = PBXFileReference; lastKnownFileType = sourcecode.c.objc; path = main.m; sourceTree = "<group>"; };
		AC2F77DF17D8AF6D00B4206B /* StoryboardTutorial-Prefix.pch */ = {isa = PBXFileReference; lastKnownFileType = sourcecode.c.h; path = "StoryboardTutorial-Prefix.pch"; sourceTree = "<group>"; };
		AC2F77E017D8AF6D00B4206B /* AppDelegate.h */ = {isa = PBXFileReference; lastKnownFileType = sourcecode.c.h; path = AppDelegate.h; sourceTree = "<group>"; };
		AC2F77E117D8AF6D00B4206B /* AppDelegate.m */ = {isa = PBXFileReference; lastKnownFileType = sourcecode.c.objc; path = AppDelegate.m; sourceTree = "<group>"; };
		AC2F77E417D8AF6D00B4206B /* Base */ = {isa = PBXFileReference; lastKnownFileType = file.storyboard; name = Base; path = Base.lproj/Main.storyboard; sourceTree = "<group>"; };
		AC2F77E917D8AF6D00B4206B /* Images.xcassets */ = {isa = PBXFileReference; lastKnownFileType = folder.assetcatalog; path = Images.xcassets; sourceTree = "<group>"; };
		AC2F77EF17D8AF6D00B4206B /* StoryboardTutorialTests.xctest */ = {isa = PBXFileReference; explicitFileType = wrapper.cfbundle; includeInIndex = 0; path = StoryboardTutorialTests.xctest; sourceTree = BUILT_PRODUCTS_DIR; };
		AC2F77F017D8AF6D00B4206B /* XCTest.framework */ = {isa = PBXFileReference; lastKnownFileType = wrapper.framework; name = XCTest.framework; path = Library/Frameworks/XCTest.framework; sourceTree = DEVELOPER_DIR; };
		AC2F77F817D8AF6D00B4206B /* StoryboardTutorialTests-Info.plist */ = {isa = PBXFileReference; lastKnownFileType = text.plist.xml; path = "StoryboardTutorialTests-Info.plist"; sourceTree = "<group>"; };
		AC2F77FA17D8AF6D00B4206B /* en */ = {isa = PBXFileReference; lastKnownFileType = text.plist.strings; name = en; path = en.lproj/InfoPlist.strings; sourceTree = "<group>"; };
		AC2F77FC17D8AF6D00B4206B /* StoryboardTutorialTests.m */ = {isa = PBXFileReference; lastKnownFileType = sourcecode.c.objc; path = StoryboardTutorialTests.m; sourceTree = "<group>"; };
		ACB225AD17D99DB800F80B93 /* ViewController1.h */ = {isa = PBXFileReference; lastKnownFileType = sourcecode.c.h; name = ViewController1.h; path = ../ViewController1.h; sourceTree = "<group>"; };
		ACB225AE17D99DB800F80B93 /* ViewController1.m */ = {isa = PBXFileReference; lastKnownFileType = sourcecode.c.objc; name = ViewController1.m; path = ../ViewController1.m; sourceTree = "<group>"; };
		ACB225AF17D99DE500F80B93 /* ViewController2.h */ = {isa = PBXFileReference; lastKnownFileType = sourcecode.c.h; name = ViewController2.h; path = ../ViewController2.h; sourceTree = "<group>"; };
		ACB225B017D99DE500F80B93 /* ViewController2.m */ = {isa = PBXFileReference; lastKnownFileType = sourcecode.c.objc; name = ViewController2.m; path = ../ViewController2.m; sourceTree = "<group>"; };
		ACB225B517D9AB9200F80B93 /* CustomAnimationSegue.h */ = {isa = PBXFileReference; lastKnownFileType = sourcecode.c.h; name = CustomAnimationSegue.h; path = ../CustomAnimationSegue.h; sourceTree = "<group>"; };
		ACB225B617D9AB9200F80B93 /* CustomAnimationSegue.m */ = {isa = PBXFileReference; lastKnownFileType = sourcecode.c.objc; name = CustomAnimationSegue.m; path = ../CustomAnimationSegue.m; sourceTree = "<group>"; };
/* End PBXFileReference section */

/* Begin PBXFrameworksBuildPhase section */
		AC2F77CB17D8AF6D00B4206B /* Frameworks */ = {
			isa = PBXFrameworksBuildPhase;
			buildActionMask = 2147483647;
			files = (
				AC2F77D417D8AF6D00B4206B /* CoreGraphics.framework in Frameworks */,
				AC2F77D617D8AF6D00B4206B /* UIKit.framework in Frameworks */,
				AC2F77D217D8AF6D00B4206B /* Foundation.framework in Frameworks */,
			);
			runOnlyForDeploymentPostprocessing = 0;
		};
		AC2F77EC17D8AF6D00B4206B /* Frameworks */ = {
			isa = PBXFrameworksBuildPhase;
			buildActionMask = 2147483647;
			files = (
				AC2F77F117D8AF6D00B4206B /* XCTest.framework in Frameworks */,
				AC2F77F317D8AF6D00B4206B /* UIKit.framework in Frameworks */,
				AC2F77F217D8AF6D00B4206B /* Foundation.framework in Frameworks */,
			);
			runOnlyForDeploymentPostprocessing = 0;
		};
/* End PBXFrameworksBuildPhase section */

/* Begin PBXGroup section */
		AC2F77C517D8AF6D00B4206B = {
			isa = PBXGroup;
			children = (
				AC2F77D717D8AF6D00B4206B /* StoryboardTutorial */,
				AC2F77F617D8AF6D00B4206B /* StoryboardTutorialTests */,
				AC2F77D017D8AF6D00B4206B /* Frameworks */,
				AC2F77CF17D8AF6D00B4206B /* Products */,
			);
			sourceTree = "<group>";
		};
		AC2F77CF17D8AF6D00B4206B /* Products */ = {
			isa = PBXGroup;
			children = (
				AC2F77CE17D8AF6D00B4206B /* StoryboardTutorial.app */,
				AC2F77EF17D8AF6D00B4206B /* StoryboardTutorialTests.xctest */,
			);
			name = Products;
			sourceTree = "<group>";
		};
		AC2F77D017D8AF6D00B4206B /* Frameworks */ = {
			isa = PBXGroup;
			children = (
				AC2F77D117D8AF6D00B4206B /* Foundation.framework */,
				AC2F77D317D8AF6D00B4206B /* CoreGraphics.framework */,
				AC2F77D517D8AF6D00B4206B /* UIKit.framework */,
				AC2F77F017D8AF6D00B4206B /* XCTest.framework */,
			);
			name = Frameworks;
			sourceTree = "<group>";
		};
		AC2F77D717D8AF6D00B4206B /* StoryboardTutorial */ = {
			isa = PBXGroup;
			children = (
				AC2F77E017D8AF6D00B4206B /* AppDelegate.h */,
				AC2F77E117D8AF6D00B4206B /* AppDelegate.m */,
				AC2F77E317D8AF6D00B4206B /* Main.storyboard */,
				AC2F77E917D8AF6D00B4206B /* Images.xcassets */,
				ACB225AD17D99DB800F80B93 /* ViewController1.h */,
				ACB225AE17D99DB800F80B93 /* ViewController1.m */,
				ACB225AF17D99DE500F80B93 /* ViewController2.h */,
				ACB225B017D99DE500F80B93 /* ViewController2.m */,
				ACB225B517D9AB9200F80B93 /* CustomAnimationSegue.h */,
				ACB225B617D9AB9200F80B93 /* CustomAnimationSegue.m */,
				AC2F77D817D8AF6D00B4206B /* Supporting Files */,
			);
			path = StoryboardTutorial;
			sourceTree = "<group>";
		};
		AC2F77D817D8AF6D00B4206B /* Supporting Files */ = {
			isa = PBXGroup;
			children = (
				AC2F77D917D8AF6D00B4206B /* StoryboardTutorial-Info.plist */,
				AC2F77DA17D8AF6D00B4206B /* InfoPlist.strings */,
				AC2F77DD17D8AF6D00B4206B /* main.m */,
				AC2F77DF17D8AF6D00B4206B /* StoryboardTutorial-Prefix.pch */,
			);
			name = "Supporting Files";
			sourceTree = "<group>";
		};
		AC2F77F617D8AF6D00B4206B /* StoryboardTutorialTests */ = {
			isa = PBXGroup;
			children = (
				AC2F77FC17D8AF6D00B4206B /* StoryboardTutorialTests.m */,
				AC2F77F717D8AF6D00B4206B /* Supporting Files */,
			);
			path = StoryboardTutorialTests;
			sourceTree = "<group>";
		};
		AC2F77F717D8AF6D00B4206B /* Supporting Files */ = {
			isa = PBXGroup;
			children = (
				AC2F77F817D8AF6D00B4206B /* StoryboardTutorialTests-Info.plist */,
				AC2F77F917D8AF6D00B4206B /* InfoPlist.strings */,
			);
			name = "Supporting Files";
			sourceTree = "<group>";
		};
/* End PBXGroup section */

/* Begin PBXNativeTarget section */
		AC2F77CD17D8AF6D00B4206B /* StoryboardTutorial */ = {
			isa = PBXNativeTarget;
			buildConfigurationList = AC2F780017D8AF6D00B4206B /* Build configuration list for PBXNativeTarget "StoryboardTutorial" */;
			buildPhases = (
				AC2F77CA17D8AF6D00B4206B /* Sources */,
				AC2F77CB17D8AF6D00B4206B /* Frameworks */,
				AC2F77CC17D8AF6D00B4206B /* Resources */,
			);
			buildRules = (
			);
			dependencies = (
			);
			name = StoryboardTutorial;
			productName = StoryboardTutorial;
			productReference = AC2F77CE17D8AF6D00B4206B /* StoryboardTutorial.app */;
			productType = "com.apple.product-type.application";
		};
		AC2F77EE17D8AF6D00B4206B /* StoryboardTutorialTests */ = {
			isa = PBXNativeTarget;
			buildConfigurationList = AC2F780317D8AF6D00B4206B /* Build configuration list for PBXNativeTarget "StoryboardTutorialTests" */;
			buildPhases = (
				AC2F77EB17D8AF6D00B4206B /* Sources */,
				AC2F77EC17D8AF6D00B4206B /* Frameworks */,
				AC2F77ED17D8AF6D00B4206B /* Resources */,
			);
			buildRules = (
			);
			dependencies = (
				AC2F77F517D8AF6D00B4206B /* PBXTargetDependency */,
			);
			name = StoryboardTutorialTests;
			productName = StoryboardTutorialTests;
			productReference = AC2F77EF17D8AF6D00B4206B /* StoryboardTutorialTests.xctest */;
			productType = "com.apple.product-type.bundle.unit-test";
		};
/* End PBXNativeTarget section */

/* Begin PBXProject section */
		AC2F77C617D8AF6D00B4206B /* Project object */ = {
			isa = PBXProject;
			attributes = {
				LastUpgradeCheck = 0500;
				ORGANIZATIONNAME = Akshat;
				TargetAttributes = {
					AC2F77EE17D8AF6D00B4206B = {
						TestTargetID = AC2F77CD17D8AF6D00B4206B;
					};
				};
			};
			buildConfigurationList = AC2F77C917D8AF6D00B4206B /* Build configuration list for PBXProject "StoryboardTutorial" */;
			compatibilityVersion = "Xcode 3.2";
			developmentRegion = English;
			hasScannedForEncodings = 0;
			knownRegions = (
				en,
				Base,
			);
			mainGroup = AC2F77C517D8AF6D00B4206B;
			productRefGroup = AC2F77CF17D8AF6D00B4206B /* Products */;
			projectDirPath = "";
			projectRoot = "";
			targets = (
				AC2F77CD17D8AF6D00B4206B /* StoryboardTutorial */,
				AC2F77EE17D8AF6D00B4206B /* StoryboardTutorialTests */,
			);
		};
/* End PBXProject section */

/* Begin PBXResourcesBuildPhase section */
		AC2F77CC17D8AF6D00B4206B /* Resources */ = {
			isa = PBXResourcesBuildPhase;
			buildActionMask = 2147483647;
			files = (
				AC2F77EA17D8AF6D00B4206B /* Images.xcassets in Resources */,
				AC2F77DC17D8AF6D00B4206B /* InfoPlist.strings in Resources */,
				AC2F77E517D8AF6D00B4206B /* Main.storyboard in Resources */,
			);
			runOnlyForDeploymentPostprocessing = 0;
		};
		AC2F77ED17D8AF6D00B4206B /* Resources */ = {
			isa = PBXResourcesBuildPhase;
			buildActionMask = 2147483647;
			files = (
				AC2F77FB17D8AF6D00B4206B /* InfoPlist.strings in Resources */,
			);
			runOnlyForDeploymentPostprocessing = 0;
		};
/* End PBXResourcesBuildPhase section */

/* Begin PBXSourcesBuildPhase section */
		AC2F77CA17D8AF6D00B4206B /* Sources */ = {
			isa = PBXSourcesBuildPhase;
			buildActionMask = 2147483647;
			files = (
				ACB225B717D9ABEA00F80B93 /* CustomAnimationSegue.h in Sources */,
				ACB225B817D9ABEA00F80B93 /* CustomAnimationSegue.m in Sources */,
				ACB225B117D99FCE00F80B93 /* ViewController1.h in Sources */,
				ACB225B217D99FCE00F80B93 /* ViewController1.m in Sources */,
				ACB225B317D99FCE00F80B93 /* ViewController2.h in Sources */,
				ACB225B417D99FCE00F80B93 /* ViewController2.m in Sources */,
				AC2F77E217D8AF6D00B4206B /* AppDelegate.m in Sources */,
				AC2F77DE17D8AF6D00B4206B /* main.m in Sources */,
			);
			runOnlyForDeploymentPostprocessing = 0;
		};
		AC2F77EB17D8AF6D00B4206B /* Sources */ = {
			isa = PBXSourcesBuildPhase;
			buildActionMask = 2147483647;
			files = (
				AC2F77FD17D8AF6D00B4206B /* StoryboardTutorialTests.m in Sources */,
			);
			runOnlyForDeploymentPostprocessing = 0;
		};
/* End PBXSourcesBuildPhase section */

/* Begin PBXTargetDependency section */
		AC2F77F517D8AF6D00B4206B /* PBXTargetDependency */ = {
			isa = PBXTargetDependency;
			target = AC2F77CD17D8AF6D00B4206B /* StoryboardTutorial */;
			targetProxy = AC2F77F417D8AF6D00B4206B /* PBXContainerItemProxy */;
		};
/* End PBXTargetDependency section */

/* Begin PBXVariantGroup section */
		AC2F77DA17D8AF6D00B4206B /* InfoPlist.strings */ = {
			isa = PBXVariantGroup;
			children = (
				AC2F77DB17D8AF6D00B4206B /* en */,
			);
			name = InfoPlist.strings;
			sourceTree = "<group>";
		};
		AC2F77E317D8AF6D00B4206B /* Main.storyboard */ = {
			isa = PBXVariantGroup;
			children = (
				AC2F77E417D8AF6D00B4206B /* Base */,
			);
			name = Main.storyboard;
			sourceTree = "<group>";
		};
		AC2F77F917D8AF6D00B4206B /* InfoPlist.strings */ = {
			isa = PBXVariantGroup;
			children = (
				AC2F77FA17D8AF6D00B4206B /* en */,
			);
			name = InfoPlist.strings;
			sourceTree = "<group>";
		};
/* End PBXVariantGroup section */

/* Begin XCBuildConfiguration section */
		AC2F77FE17D8AF6D00B4206B /* Debug */ = {
			isa = XCBuildConfiguration;
			buildSettings = {
				ALWAYS_SEARCH_USER_PATHS = NO;
				CLANG_CXX_LANGUAGE_STANDARD = "gnu++0x";
				CLANG_CXX_LIBRARY = "libc++";
				CLANG_ENABLE_MODULES = YES;
				CLANG_ENABLE_OBJC_ARC = YES;
				CLANG_WARN_BOOL_CONVERSION = YES;
				CLANG_WARN_CONSTANT_CONVERSION = YES;
				CLANG_WARN_DIRECT_OBJC_ISA_USAGE = YES_ERROR;
				CLANG_WARN_EMPTY_BODY = YES;
				CLANG_WARN_ENUM_CONVERSION = YES;
				CLANG_WARN_INT_CONVERSION = YES;
				CLANG_WARN_OBJC_ROOT_CLASS = YES_ERROR;
				CLANG_WARN__DUPLICATE_METHOD_MATCH = YES;
				"CODE_SIGN_IDENTITY[sdk=iphoneos*]" = "iPhone Developer";
				COPY_PHASE_STRIP = NO;
				GCC_C_LANGUAGE_STANDARD = gnu99;
				GCC_DYNAMIC_NO_PIC = NO;
				GCC_OPTIMIZATION_LEVEL = 0;
				GCC_PREPROCESSOR_DEFINITIONS = (
					"DEBUG=1",
					"$(inherited)",
				);
				GCC_SYMBOLS_PRIVATE_EXTERN = NO;
				GCC_WARN_ABOUT_RETURN_TYPE = YES_ERROR;
				GCC_WARN_UNDECLARED_SELECTOR = YES;
				GCC_WARN_UNINITIALIZED_AUTOS = YES;
				GCC_WARN_UNUSED_FUNCTION = YES;
				GCC_WARN_UNUSED_VARIABLE = YES;
				IPHONEOS_DEPLOYMENT_TARGET = 7.0;
				ONLY_ACTIVE_ARCH = YES;
				SDKROOT = iphoneos;
			};
			name = Debug;
		};
		AC2F77FF17D8AF6D00B4206B /* Release */ = {
			isa = XCBuildConfiguration;
			buildSettings = {
				ALWAYS_SEARCH_USER_PATHS = NO;
				CLANG_CXX_LANGUAGE_STANDARD = "gnu++0x";
				CLANG_CXX_LIBRARY = "libc++";
				CLANG_ENABLE_MODULES = YES;
				CLANG_ENABLE_OBJC_ARC = YES;
				CLANG_WARN_BOOL_CONVERSION = YES;
				CLANG_WARN_CONSTANT_CONVERSION = YES;
				CLANG_WARN_DIRECT_OBJC_ISA_USAGE = YES_ERROR;
				CLANG_WARN_EMPTY_BODY = YES;
				CLANG_WARN_ENUM_CONVERSION = YES;
				CLANG_WARN_INT_CONVERSION = YES;
				CLANG_WARN_OBJC_ROOT_CLASS = YES_ERROR;
				CLANG_WARN__DUPLICATE_METHOD_MATCH = YES;
				"CODE_SIGN_IDENTITY[sdk=iphoneos*]" = "iPhone Developer";
				COPY_PHASE_STRIP = YES;
				ENABLE_NS_ASSERTIONS = NO;
				GCC_C_LANGUAGE_STANDARD = gnu99;
				GCC_WARN_ABOUT_RETURN_TYPE = YES_ERROR;
				GCC_WARN_UNDECLARED_SELECTOR = YES;
				GCC_WARN_UNINITIALIZED_AUTOS = YES;
				GCC_WARN_UNUSED_FUNCTION = YES;
				GCC_WARN_UNUSED_VARIABLE = YES;
				IPHONEOS_DEPLOYMENT_TARGET = 7.0;
				SDKROOT = iphoneos;
				VALIDATE_PRODUCT = YES;
			};
			name = Release;
		};
		AC2F780117D8AF6D00B4206B /* Debug */ = {
			isa = XCBuildConfiguration;
			buildSettings = {
				ASSETCATALOG_COMPILER_APPICON_NAME = AppIcon;
				ASSETCATALOG_COMPILER_LAUNCHIMAGE_NAME = LaunchImage;
				GCC_PRECOMPILE_PREFIX_HEADER = YES;
				GCC_PREFIX_HEADER = "StoryboardTutorial/StoryboardTutorial-Prefix.pch";
				INFOPLIST_FILE = "StoryboardTutorial/StoryboardTutorial-Info.plist";
				PRODUCT_NAME = "$(TARGET_NAME)";
				WRAPPER_EXTENSION = app;
			};
			name = Debug;
		};
		AC2F780217D8AF6D00B4206B /* Release */ = {
			isa = XCBuildConfiguration;
			buildSettings = {
				ASSETCATALOG_COMPILER_APPICON_NAME = AppIcon;
				ASSETCATALOG_COMPILER_LAUNCHIMAGE_NAME = LaunchImage;
				GCC_PRECOMPILE_PREFIX_HEADER = YES;
				GCC_PREFIX_HEADER = "StoryboardTutorial/StoryboardTutorial-Prefix.pch";
				INFOPLIST_FILE = "StoryboardTutorial/StoryboardTutorial-Info.plist";
				PRODUCT_NAME = "$(TARGET_NAME)";
				WRAPPER_EXTENSION = app;
			};
			name = Release;
		};
		AC2F780417D8AF6D00B4206B /* Debug */ = {
			isa = XCBuildConfiguration;
			buildSettings = {
				BUNDLE_LOADER = "$(BUILT_PRODUCTS_DIR)/StoryboardTutorial.app/StoryboardTutorial";
				FRAMEWORK_SEARCH_PATHS = (
					"$(SDKROOT)/Developer/Library/Frameworks",
					"$(inherited)",
					"$(SYSTEM_APPS_DIR)/Xcode5-DP.app/Contents/Developer/Library/Frameworks",
				);
				GCC_PRECOMPILE_PREFIX_HEADER = YES;
				GCC_PREFIX_HEADER = "StoryboardTutorial/StoryboardTutorial-Prefix.pch";
				GCC_PREPROCESSOR_DEFINITIONS = (
					"DEBUG=1",
					"$(inherited)",
				);
				INFOPLIST_FILE = "StoryboardTutorialTests/StoryboardTutorialTests-Info.plist";
				PRODUCT_NAME = "$(TARGET_NAME)";
				TEST_HOST = "$(BUNDLE_LOADER)";
				WRAPPER_EXTENSION = xctest;
			};
			name = Debug;
		};
		AC2F780517D8AF6D00B4206B /* Release */ = {
			isa = XCBuildConfiguration;
			buildSettings = {
				BUNDLE_LOADER = "$(BUILT_PRODUCTS_DIR)/StoryboardTutorial.app/StoryboardTutorial";
				FRAMEWORK_SEARCH_PATHS = (
					"$(SDKROOT)/Developer/Library/Frameworks",
					"$(inherited)",
					"$(SYSTEM_APPS_DIR)/Xcode5-DP.app/Contents/Developer/Library/Frameworks",
				);
				GCC_PRECOMPILE_PREFIX_HEADER = YES;
				GCC_PREFIX_HEADER = "StoryboardTutorial/StoryboardTutorial-Prefix.pch";
				INFOPLIST_FILE = "StoryboardTutorialTests/StoryboardTutorialTests-Info.plist";
				PRODUCT_NAME = "$(TARGET_NAME)";
				TEST_HOST = "$(BUNDLE_LOADER)";
				WRAPPER_EXTENSION = xctest;
			};
			name = Release;
		};
/* End XCBuildConfiguration section */

/* Begin XCConfigurationList section */
		AC2F77C917D8AF6D00B4206B /* Build configuration list for PBXProject "StoryboardTutorial" */ = {
			isa = XCConfigurationList;
			buildConfigurations = (
				AC2F77FE17D8AF6D00B4206B /* Debug */,
				AC2F77FF17D8AF6D00B4206B /* Release */,
			);
			defaultConfigurationIsVisible = 0;
			defaultConfigurationName = Release;
		};
		AC2F780017D8AF6D00B4206B /* Build configuration list for PBXNativeTarget "StoryboardTutorial" */ = {
			isa = XCConfigurationList;
			buildConfigurations = (
				AC2F780117D8AF6D00B4206B /* Debug */,
				AC2F780217D8AF6D00B4206B /* Release */,
			);
			defaultConfigurationIsVisible = 0;
			defaultConfigurationName = Release;
		};
		AC2F780317D8AF6D00B4206B /* Build configuration list for PBXNativeTarget "StoryboardTutorialTests" */ = {
			isa = XCConfigurationList;
			buildConfigurations = (
				AC2F780417D8AF6D00B4206B /* Debug */,
				AC2F780517D8AF6D00B4206B /* Release */,
			);
			defaultConfigurationIsVisible = 0;
			defaultConfigurationName = Release;
		};
/* End XCConfigurationList section */
	};
	rootObject = AC2F77C617D8AF6D00B4206B /* Project object */;
}
