// !$*UTF8*$!
{
	archiveVersion = 1;
	classes = {
	};
	objectVersion = 46;
	objects = {

/* Begin PBXBuildFile section */
		C9AD997315A6CE4100206A93 /* UIKit.framework in Frameworks */ = {isa = PBXBuildFile; fileRef = C9AD997215A6CE4100206A93 /* UIKit.framework */; };
		C9AD997515A6CE4100206A93 /* Foundation.framework in Frameworks */ = {isa = PBXBuildFile; fileRef = C9AD997415A6CE4100206A93 /* Foundation.framework */; };
		C9AD997715A6CE4100206A93 /* CoreGraphics.framework in Frameworks */ = {isa = PBXBuildFile; fileRef = C9AD997615A6CE4100206A93 /* CoreGraphics.framework */; };
		C9AD997D15A6CE4100206A93 /* InfoPlist.strings in Resources */ = {isa = PBXBuildFile; fileRef = C9AD997B15A6CE4100206A93 /* InfoPlist.strings */; };
		C9AD997F15A6CE4100206A93 /* main.m in Sources */ = {isa = PBXBuildFile; fileRef = C9AD997E15A6CE4100206A93 /* main.m */; };
		C9AD998315A6CE4100206A93 /* AppDelegate.m in Sources */ = {isa = PBXBuildFile; fileRef = C9AD998215A6CE4100206A93 /* AppDelegate.m */; };
		C9AD998615A6CE4100206A93 /* ViewController.m in Sources */ = {isa = PBXBuildFile; fileRef = C9AD998515A6CE4100206A93 /* ViewController.m */; };
		C9AD998915A6CE4100206A93 /* ViewController.xib in Resources */ = {isa = PBXBuildFile; fileRef = C9AD998715A6CE4100206A93 /* ViewController.xib */; };
/* End PBXBuildFile section */

/* Begin PBXFileReference section */
		C9AD996E15A6CE4100206A93 /* Calculator.app */ = {isa = PBXFileReference; explicitFileType = wrapper.application; includeInIndex = 0; path = Calculator.app; sourceTree = BUILT_PRODUCTS_DIR; };
		C9AD997215A6CE4100206A93 /* UIKit.framework */ = {isa = PBXFileReference; lastKnownFileType = wrapper.framework; name = UIKit.framework; path = System/Library/Frameworks/UIKit.framework; sourceTree = SDKROOT; };
		C9AD997415A6CE4100206A93 /* Foundation.framework */ = {isa = PBXFileReference; lastKnownFileType = wrapper.framework; name = Foundation.framework; path = System/Library/Frameworks/Foundation.framework; sourceTree = SDKROOT; };
		C9AD997615A6CE4100206A93 /* CoreGraphics.framework */ = {isa = PBXFileReference; lastKnownFileType = wrapper.framework; name = CoreGraphics.framework; path = System/Library/Frameworks/CoreGraphics.framework; sourceTree = SDKROOT; };
		C9AD997A15A6CE4100206A93 /* Calculator-Info.plist */ = {isa = PBXFileReference; lastKnownFileType = text.plist.xml; path = "Calculator-Info.plist"; sourceTree = "<group>"; };
		C9AD997C15A6CE4100206A93 /* en */ = {isa = PBXFileReference; lastKnownFileType = text.plist.strings; name = en; path = en.lproj/InfoPlist.strings; sourceTree = "<group>"; };
		C9AD997E15A6CE4100206A93 /* main.m */ = {isa = PBXFileReference; lastKnownFileType = sourcecode.c.objc; path = main.m; sourceTree = "<group>"; };
		C9AD998015A6CE4100206A93 /* Calculator-Prefix.pch */ = {isa = PBXFileReference; lastKnownFileType = sourcecode.c.h; path = "Calculator-Prefix.pch"; sourceTree = "<group>"; };
		C9AD998115A6CE4100206A93 /* AppDelegate.h */ = {isa = PBXFileReference; lastKnownFileType = sourcecode.c.h; path = AppDelegate.h; sourceTree = "<group>"; };
		C9AD998215A6CE4100206A93 /* AppDelegate.m */ = {isa = PBXFileReference; lastKnownFileType = sourcecode.c.objc; path = AppDelegate.m; sourceTree = "<group>"; };
		C9AD998415A6CE4100206A93 /* ViewController.h */ = {isa = PBXFileReference; lastKnownFileType = sourcecode.c.h; path = ViewController.h; sourceTree = "<group>"; };
		C9AD998515A6CE4100206A93 /* ViewController.m */ = {isa = PBXFileReference; lastKnownFileType = sourcecode.c.objc; path = ViewController.m; sourceTree = "<group>"; };
		C9AD998815A6CE4100206A93 /* en */ = {isa = PBXFileReference; lastKnownFileType = file.xib; name = en; path = en.lproj/ViewController.xib; sourceTree = "<group>"; };
/* End PBXFileReference section */

/* Begin PBXFrameworksBuildPhase section */
		C9AD996B15A6CE4100206A93 /* Frameworks */ = {
			isa = PBXFrameworksBuildPhase;
			buildActionMask = 2147483647;
			files = (
				C9AD997315A6CE4100206A93 /* UIKit.framework in Frameworks */,
				C9AD997515A6CE4100206A93 /* Foundation.framework in Frameworks */,
				C9AD997715A6CE4100206A93 /* CoreGraphics.framework in Frameworks */,
			);
			runOnlyForDeploymentPostprocessing = 0;
		};
/* End PBXFrameworksBuildPhase section */

/* Begin PBXGroup section */
		C9AD996315A6CE4100206A93 = {
			isa = PBXGroup;
			children = (
				C9AD997815A6CE4100206A93 /* Calculator */,
				C9AD997115A6CE4100206A93 /* Frameworks */,
				C9AD996F15A6CE4100206A93 /* Products */,
			);
			sourceTree = "<group>";
		};
		C9AD996F15A6CE4100206A93 /* Products */ = {
			isa = PBXGroup;
			children = (
				C9AD996E15A6CE4100206A93 /* Calculator.app */,
			);
			name = Products;
			sourceTree = "<group>";
		};
		C9AD997115A6CE4100206A93 /* Frameworks */ = {
			isa = PBXGroup;
			children = (
				C9AD997215A6CE4100206A93 /* UIKit.framework */,
				C9AD997415A6CE4100206A93 /* Foundation.framework */,
				C9AD997615A6CE4100206A93 /* CoreGraphics.framework */,
			);
			name = Frameworks;
			sourceTree = "<group>";
		};
		C9AD997815A6CE4100206A93 /* Calculator */ = {
			isa = PBXGroup;
			children = (
				C9AD998115A6CE4100206A93 /* AppDelegate.h */,
				C9AD998215A6CE4100206A93 /* AppDelegate.m */,
				C9AD998415A6CE4100206A93 /* ViewController.h */,
				C9AD998515A6CE4100206A93 /* ViewController.m */,
				C9AD998715A6CE4100206A93 /* ViewController.xib */,
				C9AD997915A6CE4100206A93 /* Supporting Files */,
			);
			path = Calculator;
			sourceTree = "<group>";
		};
		C9AD997915A6CE4100206A93 /* Supporting Files */ = {
			isa = PBXGroup;
			children = (
				C9AD997A15A6CE4100206A93 /* Calculator-Info.plist */,
				C9AD997B15A6CE4100206A93 /* InfoPlist.strings */,
				C9AD997E15A6CE4100206A93 /* main.m */,
				C9AD998015A6CE4100206A93 /* Calculator-Prefix.pch */,
			);
			name = "Supporting Files";
			sourceTree = "<group>";
		};
/* End PBXGroup section */

/* Begin PBXNativeTarget section */
		C9AD996D15A6CE4100206A93 /* Calculator */ = {
			isa = PBXNativeTarget;
			buildConfigurationList = C9AD998C15A6CE4100206A93 /* Build configuration list for PBXNativeTarget "Calculator" */;
			buildPhases = (
				C9AD996A15A6CE4100206A93 /* Sources */,
				C9AD996B15A6CE4100206A93 /* Frameworks */,
				C9AD996C15A6CE4100206A93 /* Resources */,
			);
			buildRules = (
			);
			dependencies = (
			);
			name = Calculator;
			productName = Calculator;
			productReference = C9AD996E15A6CE4100206A93 /* Calculator.app */;
			productType = "com.apple.product-type.application";
		};
/* End PBXNativeTarget section */

/* Begin PBXProject section */
		C9AD996515A6CE4100206A93 /* Project object */ = {
			isa = PBXProject;
			attributes = {
				LastUpgradeCheck = 0430;
			};
			buildConfigurationList = C9AD996815A6CE4100206A93 /* Build configuration list for PBXProject "Calculator" */;
			compatibilityVersion = "Xcode 3.2";
			developmentRegion = English;
			hasScannedForEncodings = 0;
			knownRegions = (
				en,
			);
			mainGroup = C9AD996315A6CE4100206A93;
			productRefGroup = C9AD996F15A6CE4100206A93 /* Products */;
			projectDirPath = "";
			projectRoot = "";
			targets = (
				C9AD996D15A6CE4100206A93 /* Calculator */,
			);
		};
/* End PBXProject section */

/* Begin PBXResourcesBuildPhase section */
		C9AD996C15A6CE4100206A93 /* Resources */ = {
			isa = PBXResourcesBuildPhase;
			buildActionMask = 2147483647;
			files = (
				C9AD997D15A6CE4100206A93 /* InfoPlist.strings in Resources */,
				C9AD998915A6CE4100206A93 /* ViewController.xib in Resources */,
			);
			runOnlyForDeploymentPostprocessing = 0;
		};
/* End PBXResourcesBuildPhase section */

/* Begin PBXSourcesBuildPhase section */
		C9AD996A15A6CE4100206A93 /* Sources */ = {
			isa = PBXSourcesBuildPhase;
			buildActionMask = 2147483647;
			files = (
				C9AD997F15A6CE4100206A93 /* main.m in Sources */,
				C9AD998315A6CE4100206A93 /* AppDelegate.m in Sources */,
				C9AD998615A6CE4100206A93 /* ViewController.m in Sources */,
			);
			runOnlyForDeploymentPostprocessing = 0;
		};
/* End PBXSourcesBuildPhase section */

/* Begin PBXVariantGroup section */
		C9AD997B15A6CE4100206A93 /* InfoPlist.strings */ = {
			isa = PBXVariantGroup;
			children = (
				C9AD997C15A6CE4100206A93 /* en */,
			);
			name = InfoPlist.strings;
			sourceTree = "<group>";
		};
		C9AD998715A6CE4100206A93 /* ViewController.xib */ = {
			isa = PBXVariantGroup;
			children = (
				C9AD998815A6CE4100206A93 /* en */,
			);
			name = ViewController.xib;
			sourceTree = "<group>";
		};
/* End PBXVariantGroup section */

/* Begin XCBuildConfiguration section */
		C9AD998A15A6CE4100206A93 /* Debug */ = {
			isa = XCBuildConfiguration;
			buildSettings = {
				ALWAYS_SEARCH_USER_PATHS = NO;
				ARCHS = "$(ARCHS_STANDARD_32_BIT)";
				CLANG_ENABLE_OBJC_ARC = YES;
				"CODE_SIGN_IDENTITY[sdk=iphoneos*]" = "iPhone Developer";
				COPY_PHASE_STRIP = NO;
				GCC_C_LANGUAGE_STANDARD = gnu99;
				GCC_DYNAMIC_NO_PIC = NO;
				GCC_OPTIMIZATION_LEVEL = 0;
				GCC_PREPROCESSOR_DEFINITIONS = (
					"DEBUG=1",
					"$(inherited)",
				);
				GCC_SYMBOLS_PRIVATE_EXTERN = NO;
				GCC_VERSION = com.apple.compilers.llvm.clang.1_0;
				GCC_WARN_ABOUT_RETURN_TYPE = YES;
				GCC_WARN_UNINITIALIZED_AUTOS = YES;
				GCC_WARN_UNUSED_VARIABLE = YES;
				IPHONEOS_DEPLOYMENT_TARGET = 5.1;
				SDKROOT = iphoneos;
			};
			name = Debug;
		};
		C9AD998B15A6CE4100206A93 /* Release */ = {
			isa = XCBuildConfiguration;
			buildSettings = {
				ALWAYS_SEARCH_USER_PATHS = NO;
				ARCHS = "$(ARCHS_STANDARD_32_BIT)";
				CLANG_ENABLE_OBJC_ARC = YES;
				"CODE_SIGN_IDENTITY[sdk=iphoneos*]" = "iPhone Developer";
				COPY_PHASE_STRIP = YES;
				GCC_C_LANGUAGE_STANDARD = gnu99;
				GCC_VERSION = com.apple.compilers.llvm.clang.1_0;
				GCC_WARN_ABOUT_RETURN_TYPE = YES;
				GCC_WARN_UNINITIALIZED_AUTOS = YES;
				GCC_WARN_UNUSED_VARIABLE = YES;
				IPHONEOS_DEPLOYMENT_TARGET = 5.1;
				OTHER_CFLAGS = "-DNS_BLOCK_ASSERTIONS=1";
				SDKROOT = iphoneos;
				VALIDATE_PRODUCT = YES;
			};
			name = Release;
		};
		C9AD998D15A6CE4100206A93 /* Debug */ = {
			isa = XCBuildConfiguration;
			buildSettings = {
				GCC_PRECOMPILE_PREFIX_HEADER = YES;
				GCC_PREFIX_HEADER = "Calculator/Calculator-Prefix.pch";
				INFOPLIST_FILE = "Calculator/Calculator-Info.plist";
				IPHONEOS_DEPLOYMENT_TARGET = 5.1;
				PRODUCT_NAME = "$(TARGET_NAME)";
				WRAPPER_EXTENSION = app;
			};
			name = Debug;
		};
		C9AD998E15A6CE4100206A93 /* Release */ = {
			isa = XCBuildConfiguration;
			buildSettings = {
				GCC_PRECOMPILE_PREFIX_HEADER = YES;
				GCC_PREFIX_HEADER = "Calculator/Calculator-Prefix.pch";
				INFOPLIST_FILE = "Calculator/Calculator-Info.plist";
				IPHONEOS_DEPLOYMENT_TARGET = 5.1;
				PRODUCT_NAME = "$(TARGET_NAME)";
				WRAPPER_EXTENSION = app;
			};
			name = Release;
		};
/* End XCBuildConfiguration section */

/* Begin XCConfigurationList section */
		C9AD996815A6CE4100206A93 /* Build configuration list for PBXProject "Calculator" */ = {
			isa = XCConfigurationList;
			buildConfigurations = (
				C9AD998A15A6CE4100206A93 /* Debug */,
				C9AD998B15A6CE4100206A93 /* Release */,
			);
			defaultConfigurationIsVisible = 0;
			defaultConfigurationName = Release;
		};
		C9AD998C15A6CE4100206A93 /* Build configuration list for PBXNativeTarget "Calculator" */ = {
			isa = XCConfigurationList;
			buildConfigurations = (
				C9AD998D15A6CE4100206A93 /* Debug */,
				C9AD998E15A6CE4100206A93 /* Release */,
			);
			defaultConfigurationIsVisible = 0;
			defaultConfigurationName = Release;
		};
/* End XCConfigurationList section */
	};
	rootObject = C9AD996515A6CE4100206A93 /* Project object */;
}
